// !$*UTF8*$!
{
	archiveVersion = 1;
	classes = {
	};
	objectVersion = 46;
	objects = {

/* Begin PBXBuildFile section */
		4669585318DF4D7900A72F85 /* Foundation.framework in Frameworks */ = {isa = PBXBuildFile; fileRef = 4669585218DF4D7900A72F85 /* Foundation.framework */; };
		4669585518DF4D7900A72F85 /* CoreGraphics.framework in Frameworks */ = {isa = PBXBuildFile; fileRef = 4669585418DF4D7900A72F85 /* CoreGraphics.framework */; };
		4669585718DF4D7900A72F85 /* UIKit.framework in Frameworks */ = {isa = PBXBuildFile; fileRef = 4669585618DF4D7900A72F85 /* UIKit.framework */; };
		4669585D18DF4D7900A72F85 /* InfoPlist.strings in Resources */ = {isa = PBXBuildFile; fileRef = 4669585B18DF4D7900A72F85 /* InfoPlist.strings */; };
		4669585F18DF4D7900A72F85 /* main.m in Sources */ = {isa = PBXBuildFile; fileRef = 4669585E18DF4D7900A72F85 /* main.m */; };
		4669586318DF4D7900A72F85 /* MAAppDelegate.m in Sources */ = {isa = PBXBuildFile; fileRef = 4669586218DF4D7900A72F85 /* MAAppDelegate.m */; };
		4669586518DF4D7900A72F85 /* Images.xcassets in Resources */ = {isa = PBXBuildFile; fileRef = 4669586418DF4D7900A72F85 /* Images.xcassets */; };
		4669586C18DF4D7A00A72F85 /* XCTest.framework in Frameworks */ = {isa = PBXBuildFile; fileRef = 4669586B18DF4D7A00A72F85 /* XCTest.framework */; };
		4669586D18DF4D7A00A72F85 /* Foundation.framework in Frameworks */ = {isa = PBXBuildFile; fileRef = 4669585218DF4D7900A72F85 /* Foundation.framework */; };
		4669586E18DF4D7A00A72F85 /* UIKit.framework in Frameworks */ = {isa = PBXBuildFile; fileRef = 4669585618DF4D7900A72F85 /* UIKit.framework */; };
		4669587618DF4D7A00A72F85 /* InfoPlist.strings in Resources */ = {isa = PBXBuildFile; fileRef = 4669587418DF4D7A00A72F85 /* InfoPlist.strings */; };
		4669587818DF4D7A00A72F85 /* MistarAppTests.m in Sources */ = {isa = PBXBuildFile; fileRef = 4669587718DF4D7A00A72F85 /* MistarAppTests.m */; };
		46A6174018DF4EA2001400BC /* bg.png in Resources */ = {isa = PBXBuildFile; fileRef = 46A6172418DF4EA2001400BC /* bg.png */; };
		46A6174118DF4EA2001400BC /* bg@2x.png in Resources */ = {isa = PBXBuildFile; fileRef = 46A6172518DF4EA2001400BC /* bg@2x.png */; };
		46A6174218DF4EA2001400BC /* originalImage.jpg in Resources */ = {isa = PBXBuildFile; fileRef = 46A6172618DF4EA2001400BC /* originalImage.jpg */; };
		46A6174318DF4EA2001400BC /* weather-broken.png in Resources */ = {isa = PBXBuildFile; fileRef = 46A6172818DF4EA2001400BC /* weather-broken.png */; };
		46A6174418DF4EA2001400BC /* weather-broken@2x.png in Resources */ = {isa = PBXBuildFile; fileRef = 46A6172918DF4EA2001400BC /* weather-broken@2x.png */; };
		46A6174518DF4EA2001400BC /* weather-clear.png in Resources */ = {isa = PBXBuildFile; fileRef = 46A6172A18DF4EA2001400BC /* weather-clear.png */; };
		46A6174618DF4EA2001400BC /* weather-clear@2x.png in Resources */ = {isa = PBXBuildFile; fileRef = 46A6172B18DF4EA2001400BC /* weather-clear@2x.png */; };
		46A6174718DF4EA2001400BC /* weather-few-night.png in Resources */ = {isa = PBXBuildFile; fileRef = 46A6172C18DF4EA2001400BC /* weather-few-night.png */; };
		46A6174818DF4EA2001400BC /* weather-few-night@2x.png in Resources */ = {isa = PBXBuildFile; fileRef = 46A6172D18DF4EA2001400BC /* weather-few-night@2x.png */; };
		46A6174918DF4EA2001400BC /* weather-few.png in Resources */ = {isa = PBXBuildFile; fileRef = 46A6172E18DF4EA2001400BC /* weather-few.png */; };
		46A6174A18DF4EA2001400BC /* weather-few@2x.png in Resources */ = {isa = PBXBuildFile; fileRef = 46A6172F18DF4EA2001400BC /* weather-few@2x.png */; };
		46A6174B18DF4EA2001400BC /* weather-mist.png in Resources */ = {isa = PBXBuildFile; fileRef = 46A6173018DF4EA2001400BC /* weather-mist.png */; };
		46A6174C18DF4EA2001400BC /* weather-mist@2x.png in Resources */ = {isa = PBXBuildFile; fileRef = 46A6173118DF4EA2001400BC /* weather-mist@2x.png */; };
		46A6174D18DF4EA2001400BC /* weather-moon.png in Resources */ = {isa = PBXBuildFile; fileRef = 46A6173218DF4EA2001400BC /* weather-moon.png */; };
		46A6174E18DF4EA2001400BC /* weather-moon@2x.png in Resources */ = {isa = PBXBuildFile; fileRef = 46A6173318DF4EA2001400BC /* weather-moon@2x.png */; };
		46A6174F18DF4EA2001400BC /* weather-rain-night.png in Resources */ = {isa = PBXBuildFile; fileRef = 46A6173418DF4EA2001400BC /* weather-rain-night.png */; };
		46A6175018DF4EA2001400BC /* weather-rain-night@2x.png in Resources */ = {isa = PBXBuildFile; fileRef = 46A6173518DF4EA2001400BC /* weather-rain-night@2x.png */; };
		46A6175118DF4EA2001400BC /* weather-rain.png in Resources */ = {isa = PBXBuildFile; fileRef = 46A6173618DF4EA2001400BC /* weather-rain.png */; };
		46A6175218DF4EA2001400BC /* weather-rain@2x.png in Resources */ = {isa = PBXBuildFile; fileRef = 46A6173718DF4EA2001400BC /* weather-rain@2x.png */; };
		46A6175318DF4EA2001400BC /* weather-scattered.png in Resources */ = {isa = PBXBuildFile; fileRef = 46A6173818DF4EA2001400BC /* weather-scattered.png */; };
		46A6175418DF4EA2001400BC /* weather-scattered@2x.png in Resources */ = {isa = PBXBuildFile; fileRef = 46A6173918DF4EA2001400BC /* weather-scattered@2x.png */; };
		46A6175518DF4EA2001400BC /* weather-shower.png in Resources */ = {isa = PBXBuildFile; fileRef = 46A6173A18DF4EA2001400BC /* weather-shower.png */; };
		46A6175618DF4EA2001400BC /* weather-shower@2x.png in Resources */ = {isa = PBXBuildFile; fileRef = 46A6173B18DF4EA2001400BC /* weather-shower@2x.png */; };
		46A6175718DF4EA2001400BC /* weather-snow.png in Resources */ = {isa = PBXBuildFile; fileRef = 46A6173C18DF4EA2001400BC /* weather-snow.png */; };
		46A6175818DF4EA2001400BC /* weather-snow@2x.png in Resources */ = {isa = PBXBuildFile; fileRef = 46A6173D18DF4EA2001400BC /* weather-snow@2x.png */; };
		46A6175918DF4EA2001400BC /* weather-tstorm.png in Resources */ = {isa = PBXBuildFile; fileRef = 46A6173E18DF4EA2001400BC /* weather-tstorm.png */; };
		46A6175A18DF4EA2001400BC /* weather-tstorm@2x.png in Resources */ = {isa = PBXBuildFile; fileRef = 46A6173F18DF4EA2001400BC /* weather-tstorm@2x.png */; };
		46A6176318DF4F8E001400BC /* MAClient.m in Sources */ = {isa = PBXBuildFile; fileRef = 46A6176218DF4F8E001400BC /* MAClient.m */; };
		46A6176618DF4FE7001400BC /* MACondition.m in Sources */ = {isa = PBXBuildFile; fileRef = 46A6176518DF4FE7001400BC /* MACondition.m */; };
		46A6176918DF5000001400BC /* MAController.m in Sources */ = {isa = PBXBuildFile; fileRef = 46A6176818DF5000001400BC /* MAController.m */; };
		46A6176C18DF5015001400BC /* MADailyForecast.m in Sources */ = {isa = PBXBuildFile; fileRef = 46A6176B18DF5015001400BC /* MADailyForecast.m */; };
		46A6176F18DF5038001400BC /* MAManager.m in Sources */ = {isa = PBXBuildFile; fileRef = 46A6176E18DF5038001400BC /* MAManager.m */; };
		46A6177418DF809A001400BC /* MAGradeClient.m in Sources */ = {isa = PBXBuildFile; fileRef = 46A6177318DF809A001400BC /* MAGradeClient.m */; };
		46A6177718DF80BC001400BC /* MAGradeReport.m in Sources */ = {isa = PBXBuildFile; fileRef = 46A6177618DF80BC001400BC /* MAGradeReport.m */; };
		46EBF04918E014C800F3CD75 /* MAGradeCell.m in Sources */ = {isa = PBXBuildFile; fileRef = 46EBF04818E014C800F3CD75 /* MAGradeCell.m */; };
		B0504526486447ECB2D3DED4 /* libPods.a in Frameworks */ = {isa = PBXBuildFile; fileRef = 52D87429006843B089F31F48 /* libPods.a */; };
/* End PBXBuildFile section */

/* Begin PBXContainerItemProxy section */
		4669586F18DF4D7A00A72F85 /* PBXContainerItemProxy */ = {
			isa = PBXContainerItemProxy;
			containerPortal = 4669584718DF4D7900A72F85 /* Project object */;
			proxyType = 1;
			remoteGlobalIDString = 4669584E18DF4D7900A72F85;
			remoteInfo = MistarApp;
		};
/* End PBXContainerItemProxy section */

/* Begin PBXFileReference section */
		4669584F18DF4D7900A72F85 /* MistarApp.app */ = {isa = PBXFileReference; explicitFileType = wrapper.application; includeInIndex = 0; path = MistarApp.app; sourceTree = BUILT_PRODUCTS_DIR; };
		4669585218DF4D7900A72F85 /* Foundation.framework */ = {isa = PBXFileReference; lastKnownFileType = wrapper.framework; name = Foundation.framework; path = System/Library/Frameworks/Foundation.framework; sourceTree = SDKROOT; };
		4669585418DF4D7900A72F85 /* CoreGraphics.framework */ = {isa = PBXFileReference; lastKnownFileType = wrapper.framework; name = CoreGraphics.framework; path = System/Library/Frameworks/CoreGraphics.framework; sourceTree = SDKROOT; };
		4669585618DF4D7900A72F85 /* UIKit.framework */ = {isa = PBXFileReference; lastKnownFileType = wrapper.framework; name = UIKit.framework; path = System/Library/Frameworks/UIKit.framework; sourceTree = SDKROOT; };
		4669585A18DF4D7900A72F85 /* MistarApp-Info.plist */ = {isa = PBXFileReference; lastKnownFileType = text.plist.xml; path = "MistarApp-Info.plist"; sourceTree = "<group>"; };
		4669585C18DF4D7900A72F85 /* en */ = {isa = PBXFileReference; lastKnownFileType = text.plist.strings; name = en; path = en.lproj/InfoPlist.strings; sourceTree = "<group>"; };
		4669585E18DF4D7900A72F85 /* main.m */ = {isa = PBXFileReference; lastKnownFileType = sourcecode.c.objc; path = main.m; sourceTree = "<group>"; };
		4669586018DF4D7900A72F85 /* MistarApp-Prefix.pch */ = {isa = PBXFileReference; lastKnownFileType = sourcecode.c.h; path = "MistarApp-Prefix.pch"; sourceTree = "<group>"; };
		4669586118DF4D7900A72F85 /* MAAppDelegate.h */ = {isa = PBXFileReference; lastKnownFileType = sourcecode.c.h; path = MAAppDelegate.h; sourceTree = "<group>"; };
		4669586218DF4D7900A72F85 /* MAAppDelegate.m */ = {isa = PBXFileReference; lastKnownFileType = sourcecode.c.objc; path = MAAppDelegate.m; sourceTree = "<group>"; };
		4669586418DF4D7900A72F85 /* Images.xcassets */ = {isa = PBXFileReference; lastKnownFileType = folder.assetcatalog; path = Images.xcassets; sourceTree = "<group>"; };
		4669586A18DF4D7A00A72F85 /* MistarAppTests.xctest */ = {isa = PBXFileReference; explicitFileType = wrapper.cfbundle; includeInIndex = 0; path = MistarAppTests.xctest; sourceTree = BUILT_PRODUCTS_DIR; };
		4669586B18DF4D7A00A72F85 /* XCTest.framework */ = {isa = PBXFileReference; lastKnownFileType = wrapper.framework; name = XCTest.framework; path = Library/Frameworks/XCTest.framework; sourceTree = DEVELOPER_DIR; };
		4669587318DF4D7A00A72F85 /* MistarAppTests-Info.plist */ = {isa = PBXFileReference; lastKnownFileType = text.plist.xml; path = "MistarAppTests-Info.plist"; sourceTree = "<group>"; };
		4669587518DF4D7A00A72F85 /* en */ = {isa = PBXFileReference; lastKnownFileType = text.plist.strings; name = en; path = en.lproj/InfoPlist.strings; sourceTree = "<group>"; };
		4669587718DF4D7A00A72F85 /* MistarAppTests.m */ = {isa = PBXFileReference; lastKnownFileType = sourcecode.c.objc; path = MistarAppTests.m; sourceTree = "<group>"; };
		46A6172418DF4EA2001400BC /* bg.png */ = {isa = PBXFileReference; lastKnownFileType = image.png; path = bg.png; sourceTree = "<group>"; };
		46A6172518DF4EA2001400BC /* bg@2x.png */ = {isa = PBXFileReference; lastKnownFileType = image.png; path = "bg@2x.png"; sourceTree = "<group>"; };
		46A6172618DF4EA2001400BC /* originalImage.jpg */ = {isa = PBXFileReference; lastKnownFileType = image.jpeg; path = originalImage.jpg; sourceTree = "<group>"; };
		46A6172818DF4EA2001400BC /* weather-broken.png */ = {isa = PBXFileReference; lastKnownFileType = image.png; path = "weather-broken.png"; sourceTree = "<group>"; };
		46A6172918DF4EA2001400BC /* weather-broken@2x.png */ = {isa = PBXFileReference; lastKnownFileType = image.png; path = "weather-broken@2x.png"; sourceTree = "<group>"; };
		46A6172A18DF4EA2001400BC /* weather-clear.png */ = {isa = PBXFileReference; lastKnownFileType = image.png; path = "weather-clear.png"; sourceTree = "<group>"; };
		46A6172B18DF4EA2001400BC /* weather-clear@2x.png */ = {isa = PBXFileReference; lastKnownFileType = image.png; path = "weather-clear@2x.png"; sourceTree = "<group>"; };
		46A6172C18DF4EA2001400BC /* weather-few-night.png */ = {isa = PBXFileReference; lastKnownFileType = image.png; path = "weather-few-night.png"; sourceTree = "<group>"; };
		46A6172D18DF4EA2001400BC /* weather-few-night@2x.png */ = {isa = PBXFileReference; lastKnownFileType = image.png; path = "weather-few-night@2x.png"; sourceTree = "<group>"; };
		46A6172E18DF4EA2001400BC /* weather-few.png */ = {isa = PBXFileReference; lastKnownFileType = image.png; path = "weather-few.png"; sourceTree = "<group>"; };
		46A6172F18DF4EA2001400BC /* weather-few@2x.png */ = {isa = PBXFileReference; lastKnownFileType = image.png; path = "weather-few@2x.png"; sourceTree = "<group>"; };
		46A6173018DF4EA2001400BC /* weather-mist.png */ = {isa = PBXFileReference; lastKnownFileType = image.png; path = "weather-mist.png"; sourceTree = "<group>"; };
		46A6173118DF4EA2001400BC /* weather-mist@2x.png */ = {isa = PBXFileReference; lastKnownFileType = image.png; path = "weather-mist@2x.png"; sourceTree = "<group>"; };
		46A6173218DF4EA2001400BC /* weather-moon.png */ = {isa = PBXFileReference; lastKnownFileType = image.png; path = "weather-moon.png"; sourceTree = "<group>"; };
		46A6173318DF4EA2001400BC /* weather-moon@2x.png */ = {isa = PBXFileReference; lastKnownFileType = image.png; path = "weather-moon@2x.png"; sourceTree = "<group>"; };
		46A6173418DF4EA2001400BC /* weather-rain-night.png */ = {isa = PBXFileReference; lastKnownFileType = image.png; path = "weather-rain-night.png"; sourceTree = "<group>"; };
		46A6173518DF4EA2001400BC /* weather-rain-night@2x.png */ = {isa = PBXFileReference; lastKnownFileType = image.png; path = "weather-rain-night@2x.png"; sourceTree = "<group>"; };
		46A6173618DF4EA2001400BC /* weather-rain.png */ = {isa = PBXFileReference; lastKnownFileType = image.png; path = "weather-rain.png"; sourceTree = "<group>"; };
		46A6173718DF4EA2001400BC /* weather-rain@2x.png */ = {isa = PBXFileReference; lastKnownFileType = image.png; path = "weather-rain@2x.png"; sourceTree = "<group>"; };
		46A6173818DF4EA2001400BC /* weather-scattered.png */ = {isa = PBXFileReference; lastKnownFileType = image.png; path = "weather-scattered.png"; sourceTree = "<group>"; };
		46A6173918DF4EA2001400BC /* weather-scattered@2x.png */ = {isa = PBXFileReference; lastKnownFileType = image.png; path = "weather-scattered@2x.png"; sourceTree = "<group>"; };
		46A6173A18DF4EA2001400BC /* weather-shower.png */ = {isa = PBXFileReference; lastKnownFileType = image.png; path = "weather-shower.png"; sourceTree = "<group>"; };
		46A6173B18DF4EA2001400BC /* weather-shower@2x.png */ = {isa = PBXFileReference; lastKnownFileType = image.png; path = "weather-shower@2x.png"; sourceTree = "<group>"; };
		46A6173C18DF4EA2001400BC /* weather-snow.png */ = {isa = PBXFileReference; lastKnownFileType = image.png; path = "weather-snow.png"; sourceTree = "<group>"; };
		46A6173D18DF4EA2001400BC /* weather-snow@2x.png */ = {isa = PBXFileReference; lastKnownFileType = image.png; path = "weather-snow@2x.png"; sourceTree = "<group>"; };
		46A6173E18DF4EA2001400BC /* weather-tstorm.png */ = {isa = PBXFileReference; lastKnownFileType = image.png; path = "weather-tstorm.png"; sourceTree = "<group>"; };
		46A6173F18DF4EA2001400BC /* weather-tstorm@2x.png */ = {isa = PBXFileReference; lastKnownFileType = image.png; path = "weather-tstorm@2x.png"; sourceTree = "<group>"; };
		46A6176118DF4F8E001400BC /* MAClient.h */ = {isa = PBXFileReference; fileEncoding = 4; lastKnownFileType = sourcecode.c.h; path = MAClient.h; sourceTree = "<group>"; };
		46A6176218DF4F8E001400BC /* MAClient.m */ = {isa = PBXFileReference; fileEncoding = 4; lastKnownFileType = sourcecode.c.objc; path = MAClient.m; sourceTree = "<group>"; };
		46A6176418DF4FE7001400BC /* MACondition.h */ = {isa = PBXFileReference; fileEncoding = 4; lastKnownFileType = sourcecode.c.h; path = MACondition.h; sourceTree = "<group>"; };
		46A6176518DF4FE7001400BC /* MACondition.m */ = {isa = PBXFileReference; fileEncoding = 4; lastKnownFileType = sourcecode.c.objc; path = MACondition.m; sourceTree = "<group>"; };
		46A6176718DF5000001400BC /* MAController.h */ = {isa = PBXFileReference; fileEncoding = 4; lastKnownFileType = sourcecode.c.h; path = MAController.h; sourceTree = "<group>"; };
		46A6176818DF5000001400BC /* MAController.m */ = {isa = PBXFileReference; fileEncoding = 4; lastKnownFileType = sourcecode.c.objc; path = MAController.m; sourceTree = "<group>"; };
		46A6176A18DF5015001400BC /* MADailyForecast.h */ = {isa = PBXFileReference; fileEncoding = 4; lastKnownFileType = sourcecode.c.h; path = MADailyForecast.h; sourceTree = "<group>"; };
		46A6176B18DF5015001400BC /* MADailyForecast.m */ = {isa = PBXFileReference; fileEncoding = 4; lastKnownFileType = sourcecode.c.objc; path = MADailyForecast.m; sourceTree = "<group>"; };
		46A6176D18DF5038001400BC /* MAManager.h */ = {isa = PBXFileReference; fileEncoding = 4; lastKnownFileType = sourcecode.c.h; path = MAManager.h; sourceTree = "<group>"; };
		46A6176E18DF5038001400BC /* MAManager.m */ = {isa = PBXFileReference; fileEncoding = 4; lastKnownFileType = sourcecode.c.objc; path = MAManager.m; sourceTree = "<group>"; };
		46A6177218DF809A001400BC /* MAGradeClient.h */ = {isa = PBXFileReference; fileEncoding = 4; lastKnownFileType = sourcecode.c.h; path = MAGradeClient.h; sourceTree = "<group>"; };
		46A6177318DF809A001400BC /* MAGradeClient.m */ = {isa = PBXFileReference; fileEncoding = 4; lastKnownFileType = sourcecode.c.objc; path = MAGradeClient.m; sourceTree = "<group>"; };
		46A6177518DF80BC001400BC /* MAGradeReport.h */ = {isa = PBXFileReference; fileEncoding = 4; lastKnownFileType = sourcecode.c.h; path = MAGradeReport.h; sourceTree = "<group>"; };
		46A6177618DF80BC001400BC /* MAGradeReport.m */ = {isa = PBXFileReference; fileEncoding = 4; lastKnownFileType = sourcecode.c.objc; path = MAGradeReport.m; sourceTree = "<group>"; };
		46EBF04718E014C800F3CD75 /* MAGradeCell.h */ = {isa = PBXFileReference; fileEncoding = 4; lastKnownFileType = sourcecode.c.h; path = MAGradeCell.h; sourceTree = "<group>"; };
		46EBF04818E014C800F3CD75 /* MAGradeCell.m */ = {isa = PBXFileReference; fileEncoding = 4; lastKnownFileType = sourcecode.c.objc; path = MAGradeCell.m; sourceTree = "<group>"; };
		52D87429006843B089F31F48 /* libPods.a */ = {isa = PBXFileReference; explicitFileType = archive.ar; includeInIndex = 0; path = libPods.a; sourceTree = BUILT_PRODUCTS_DIR; };
		8DAFCE29A7A4474B90B9DC48 /* Pods.xcconfig */ = {isa = PBXFileReference; includeInIndex = 1; lastKnownFileType = text.xcconfig; name = Pods.xcconfig; path = Pods/Pods.xcconfig; sourceTree = "<group>"; };
/* End PBXFileReference section */

/* Begin PBXFrameworksBuildPhase section */
		4669584C18DF4D7900A72F85 /* Frameworks */ = {
			isa = PBXFrameworksBuildPhase;
			buildActionMask = 2147483647;
			files = (
				4669585518DF4D7900A72F85 /* CoreGraphics.framework in Frameworks */,
				4669585718DF4D7900A72F85 /* UIKit.framework in Frameworks */,
				4669585318DF4D7900A72F85 /* Foundation.framework in Frameworks */,
				B0504526486447ECB2D3DED4 /* libPods.a in Frameworks */,
			);
			runOnlyForDeploymentPostprocessing = 0;
		};
		4669586718DF4D7A00A72F85 /* Frameworks */ = {
			isa = PBXFrameworksBuildPhase;
			buildActionMask = 2147483647;
			files = (
				4669586C18DF4D7A00A72F85 /* XCTest.framework in Frameworks */,
				4669586E18DF4D7A00A72F85 /* UIKit.framework in Frameworks */,
				4669586D18DF4D7A00A72F85 /* Foundation.framework in Frameworks */,
			);
			runOnlyForDeploymentPostprocessing = 0;
		};
/* End PBXFrameworksBuildPhase section */

/* Begin PBXGroup section */
		4669584618DF4D7900A72F85 = {
			isa = PBXGroup;
			children = (
				4669585818DF4D7900A72F85 /* MistarApp */,
				4669587118DF4D7A00A72F85 /* MistarAppTests */,
				4669585118DF4D7900A72F85 /* Frameworks */,
				4669585018DF4D7900A72F85 /* Products */,
				8DAFCE29A7A4474B90B9DC48 /* Pods.xcconfig */,
			);
			sourceTree = "<group>";
		};
		4669585018DF4D7900A72F85 /* Products */ = {
			isa = PBXGroup;
			children = (
				4669584F18DF4D7900A72F85 /* MistarApp.app */,
				4669586A18DF4D7A00A72F85 /* MistarAppTests.xctest */,
			);
			name = Products;
			sourceTree = "<group>";
		};
		4669585118DF4D7900A72F85 /* Frameworks */ = {
			isa = PBXGroup;
			children = (
				4669585218DF4D7900A72F85 /* Foundation.framework */,
				4669585418DF4D7900A72F85 /* CoreGraphics.framework */,
				4669585618DF4D7900A72F85 /* UIKit.framework */,
				4669586B18DF4D7A00A72F85 /* XCTest.framework */,
				52D87429006843B089F31F48 /* libPods.a */,
			);
			name = Frameworks;
			sourceTree = "<group>";
		};
		4669585818DF4D7900A72F85 /* MistarApp */ = {
			isa = PBXGroup;
			children = (
				46A6172318DF4EA2001400BC /* Images */,
				4669586118DF4D7900A72F85 /* MAAppDelegate.h */,
				4669586218DF4D7900A72F85 /* MAAppDelegate.m */,
				46A6176718DF5000001400BC /* MAController.h */,
				46A6176818DF5000001400BC /* MAController.m */,
				46A6176D18DF5038001400BC /* MAManager.h */,
				46A6176E18DF5038001400BC /* MAManager.m */,
				4669586418DF4D7900A72F85 /* Images.xcassets */,
				4669585918DF4D7900A72F85 /* Supporting Files */,
				46A6177118DF7EA4001400BC /* Grades */,
				46A6177018DF7E96001400BC /* Weather */,
			);
			path = MistarApp;
			sourceTree = "<group>";
		};
		4669585918DF4D7900A72F85 /* Supporting Files */ = {
			isa = PBXGroup;
			children = (
				4669585A18DF4D7900A72F85 /* MistarApp-Info.plist */,
				4669585B18DF4D7900A72F85 /* InfoPlist.strings */,
				4669585E18DF4D7900A72F85 /* main.m */,
				4669586018DF4D7900A72F85 /* MistarApp-Prefix.pch */,
			);
			name = "Supporting Files";
			sourceTree = "<group>";
		};
		4669587118DF4D7A00A72F85 /* MistarAppTests */ = {
			isa = PBXGroup;
			children = (
				4669587718DF4D7A00A72F85 /* MistarAppTests.m */,
				4669587218DF4D7A00A72F85 /* Supporting Files */,
			);
			path = MistarAppTests;
			sourceTree = "<group>";
		};
		4669587218DF4D7A00A72F85 /* Supporting Files */ = {
			isa = PBXGroup;
			children = (
				4669587318DF4D7A00A72F85 /* MistarAppTests-Info.plist */,
				4669587418DF4D7A00A72F85 /* InfoPlist.strings */,
			);
			name = "Supporting Files";
			sourceTree = "<group>";
		};
		46A6172318DF4EA2001400BC /* Images */ = {
			isa = PBXGroup;
			children = (
				46A6172418DF4EA2001400BC /* bg.png */,
				46A6172518DF4EA2001400BC /* bg@2x.png */,
				46A6172618DF4EA2001400BC /* originalImage.jpg */,
				46A6172718DF4EA2001400BC /* Weather Icons */,
			);
			path = Images;
			sourceTree = "<group>";
		};
		46A6172718DF4EA2001400BC /* Weather Icons */ = {
			isa = PBXGroup;
			children = (
				46A6172818DF4EA2001400BC /* weather-broken.png */,
				46A6172918DF4EA2001400BC /* weather-broken@2x.png */,
				46A6172A18DF4EA2001400BC /* weather-clear.png */,
				46A6172B18DF4EA2001400BC /* weather-clear@2x.png */,
				46A6172C18DF4EA2001400BC /* weather-few-night.png */,
				46A6172D18DF4EA2001400BC /* weather-few-night@2x.png */,
				46A6172E18DF4EA2001400BC /* weather-few.png */,
				46A6172F18DF4EA2001400BC /* weather-few@2x.png */,
				46A6173018DF4EA2001400BC /* weather-mist.png */,
				46A6173118DF4EA2001400BC /* weather-mist@2x.png */,
				46A6173218DF4EA2001400BC /* weather-moon.png */,
				46A6173318DF4EA2001400BC /* weather-moon@2x.png */,
				46A6173418DF4EA2001400BC /* weather-rain-night.png */,
				46A6173518DF4EA2001400BC /* weather-rain-night@2x.png */,
				46A6173618DF4EA2001400BC /* weather-rain.png */,
				46A6173718DF4EA2001400BC /* weather-rain@2x.png */,
				46A6173818DF4EA2001400BC /* weather-scattered.png */,
				46A6173918DF4EA2001400BC /* weather-scattered@2x.png */,
				46A6173A18DF4EA2001400BC /* weather-shower.png */,
				46A6173B18DF4EA2001400BC /* weather-shower@2x.png */,
				46A6173C18DF4EA2001400BC /* weather-snow.png */,
				46A6173D18DF4EA2001400BC /* weather-snow@2x.png */,
				46A6173E18DF4EA2001400BC /* weather-tstorm.png */,
				46A6173F18DF4EA2001400BC /* weather-tstorm@2x.png */,
			);
			path = "Weather Icons";
			sourceTree = "<group>";
		};
		46A6177018DF7E96001400BC /* Weather */ = {
			isa = PBXGroup;
			children = (
				46A6176118DF4F8E001400BC /* MAClient.h */,
				46A6176218DF4F8E001400BC /* MAClient.m */,
				46A6176418DF4FE7001400BC /* MACondition.h */,
				46A6176518DF4FE7001400BC /* MACondition.m */,
				46A6176A18DF5015001400BC /* MADailyForecast.h */,
				46A6176B18DF5015001400BC /* MADailyForecast.m */,
			);
			name = Weather;
			sourceTree = "<group>";
		};
		46A6177118DF7EA4001400BC /* Grades */ = {
			isa = PBXGroup;
			children = (
				46A6177218DF809A001400BC /* MAGradeClient.h */,
				46A6177318DF809A001400BC /* MAGradeClient.m */,
				46A6177518DF80BC001400BC /* MAGradeReport.h */,
				46A6177618DF80BC001400BC /* MAGradeReport.m */,
				46EBF04718E014C800F3CD75 /* MAGradeCell.h */,
				46EBF04818E014C800F3CD75 /* MAGradeCell.m */,
			);
			name = Grades;
			sourceTree = "<group>";
		};
/* End PBXGroup section */

/* Begin PBXNativeTarget section */
		4669584E18DF4D7900A72F85 /* MistarApp */ = {
			isa = PBXNativeTarget;
			buildConfigurationList = 4669587B18DF4D7A00A72F85 /* Build configuration list for PBXNativeTarget "MistarApp" */;
			buildPhases = (
				A62AF3F4D2CD4A119C0E6804 /* Check Pods Manifest.lock */,
				4669584B18DF4D7900A72F85 /* Sources */,
				4669584C18DF4D7900A72F85 /* Frameworks */,
				4669584D18DF4D7900A72F85 /* Resources */,
				A4C5D8BCB72849F7BEE74934 /* Copy Pods Resources */,
			);
			buildRules = (
			);
			dependencies = (
			);
			name = MistarApp;
			productName = MistarApp;
			productReference = 4669584F18DF4D7900A72F85 /* MistarApp.app */;
			productType = "com.apple.product-type.application";
		};
		4669586918DF4D7A00A72F85 /* MistarAppTests */ = {
			isa = PBXNativeTarget;
			buildConfigurationList = 4669587E18DF4D7A00A72F85 /* Build configuration list for PBXNativeTarget "MistarAppTests" */;
			buildPhases = (
				4669586618DF4D7A00A72F85 /* Sources */,
				4669586718DF4D7A00A72F85 /* Frameworks */,
				4669586818DF4D7A00A72F85 /* Resources */,
			);
			buildRules = (
			);
			dependencies = (
				4669587018DF4D7A00A72F85 /* PBXTargetDependency */,
			);
			name = MistarAppTests;
			productName = MistarAppTests;
			productReference = 4669586A18DF4D7A00A72F85 /* MistarAppTests.xctest */;
			productType = "com.apple.product-type.bundle.unit-test";
		};
/* End PBXNativeTarget section */

/* Begin PBXProject section */
		4669584718DF4D7900A72F85 /* Project object */ = {
			isa = PBXProject;
			attributes = {
				CLASSPREFIX = MA;
				LastUpgradeCheck = 0510;
				ORGANIZATIONNAME = "Andrew Breckenridge";
				TargetAttributes = {
					4669586918DF4D7A00A72F85 = {
						TestTargetID = 4669584E18DF4D7900A72F85;
					};
				};
			};
			buildConfigurationList = 4669584A18DF4D7900A72F85 /* Build configuration list for PBXProject "MistarApp" */;
			compatibilityVersion = "Xcode 3.2";
			developmentRegion = English;
			hasScannedForEncodings = 0;
			knownRegions = (
				en,
			);
			mainGroup = 4669584618DF4D7900A72F85;
			productRefGroup = 4669585018DF4D7900A72F85 /* Products */;
			projectDirPath = "";
			projectRoot = "";
			targets = (
				4669584E18DF4D7900A72F85 /* MistarApp */,
				4669586918DF4D7A00A72F85 /* MistarAppTests */,
			);
		};
/* End PBXProject section */

/* Begin PBXResourcesBuildPhase section */
		4669584D18DF4D7900A72F85 /* Resources */ = {
			isa = PBXResourcesBuildPhase;
			buildActionMask = 2147483647;
			files = (
				46A6174518DF4EA2001400BC /* weather-clear.png in Resources */,
				46A6174918DF4EA2001400BC /* weather-few.png in Resources */,
				46A6175118DF4EA2001400BC /* weather-rain.png in Resources */,
				4669585D18DF4D7900A72F85 /* InfoPlist.strings in Resources */,
				46A6174A18DF4EA2001400BC /* weather-few@2x.png in Resources */,
				46A6174418DF4EA2001400BC /* weather-broken@2x.png in Resources */,
				46A6174B18DF4EA2001400BC /* weather-mist.png in Resources */,
				46A6175918DF4EA2001400BC /* weather-tstorm.png in Resources */,
				46A6175A18DF4EA2001400BC /* weather-tstorm@2x.png in Resources */,
				4669586518DF4D7900A72F85 /* Images.xcassets in Resources */,
				46A6174218DF4EA2001400BC /* originalImage.jpg in Resources */,
				46A6174E18DF4EA2001400BC /* weather-moon@2x.png in Resources */,
				46A6175518DF4EA2001400BC /* weather-shower.png in Resources */,
				46A6175718DF4EA2001400BC /* weather-snow.png in Resources */,
				46A6175818DF4EA2001400BC /* weather-snow@2x.png in Resources */,
				46A6174318DF4EA2001400BC /* weather-broken.png in Resources */,
				46A6174D18DF4EA2001400BC /* weather-moon.png in Resources */,
				46A6174818DF4EA2001400BC /* weather-few-night@2x.png in Resources */,
				46A6175418DF4EA2001400BC /* weather-scattered@2x.png in Resources */,
				46A6174718DF4EA2001400BC /* weather-few-night.png in Resources */,
				46A6174018DF4EA2001400BC /* bg.png in Resources */,
				46A6174618DF4EA2001400BC /* weather-clear@2x.png in Resources */,
				46A6174C18DF4EA2001400BC /* weather-mist@2x.png in Resources */,
				46A6174118DF4EA2001400BC /* bg@2x.png in Resources */,
				46A6175618DF4EA2001400BC /* weather-shower@2x.png in Resources */,
				46A6175318DF4EA2001400BC /* weather-scattered.png in Resources */,
				46A6175218DF4EA2001400BC /* weather-rain@2x.png in Resources */,
				46A6174F18DF4EA2001400BC /* weather-rain-night.png in Resources */,
				46A6175018DF4EA2001400BC /* weather-rain-night@2x.png in Resources */,
			);
			runOnlyForDeploymentPostprocessing = 0;
		};
		4669586818DF4D7A00A72F85 /* Resources */ = {
			isa = PBXResourcesBuildPhase;
			buildActionMask = 2147483647;
			files = (
				4669587618DF4D7A00A72F85 /* InfoPlist.strings in Resources */,
			);
			runOnlyForDeploymentPostprocessing = 0;
		};
/* End PBXResourcesBuildPhase section */

/* Begin PBXShellScriptBuildPhase section */
		A4C5D8BCB72849F7BEE74934 /* Copy Pods Resources */ = {
			isa = PBXShellScriptBuildPhase;
			buildActionMask = 2147483647;
			files = (
			);
			inputPaths = (
			);
			name = "Copy Pods Resources";
			outputPaths = (
			);
			runOnlyForDeploymentPostprocessing = 0;
			shellPath = /bin/sh;
			shellScript = "\"${SRCROOT}/Pods/Pods-resources.sh\"\n";
			showEnvVarsInLog = 0;
		};
		A62AF3F4D2CD4A119C0E6804 /* Check Pods Manifest.lock */ = {
			isa = PBXShellScriptBuildPhase;
			buildActionMask = 2147483647;
			files = (
			);
			inputPaths = (
			);
			name = "Check Pods Manifest.lock";
			outputPaths = (
			);
			runOnlyForDeploymentPostprocessing = 0;
			shellPath = /bin/sh;
			shellScript = "diff \"${PODS_ROOT}/../Podfile.lock\" \"${PODS_ROOT}/Manifest.lock\" > /dev/null\nif [[ $? != 0 ]] ; then\n    cat << EOM\nerror: The sandbox is not in sync with the Podfile.lock. Run 'pod install' or update your CocoaPods installation.\nEOM\n    exit 1\nfi\n";
			showEnvVarsInLog = 0;
		};
/* End PBXShellScriptBuildPhase section */

/* Begin PBXSourcesBuildPhase section */
		4669584B18DF4D7900A72F85 /* Sources */ = {
			isa = PBXSourcesBuildPhase;
			buildActionMask = 2147483647;
			files = (
				46A6176F18DF5038001400BC /* MAManager.m in Sources */,
				4669586318DF4D7900A72F85 /* MAAppDelegate.m in Sources */,
				46A6177718DF80BC001400BC /* MAGradeReport.m in Sources */,
				46A6177418DF809A001400BC /* MAGradeClient.m in Sources */,
				46A6176918DF5000001400BC /* MAController.m in Sources */,
				46A6176618DF4FE7001400BC /* MACondition.m in Sources */,
				4669585F18DF4D7900A72F85 /* main.m in Sources */,
				46A6176C18DF5015001400BC /* MADailyForecast.m in Sources */,
				46A6176318DF4F8E001400BC /* MAClient.m in Sources */,
				46EBF04918E014C800F3CD75 /* MAGradeCell.m in Sources */,
			);
			runOnlyForDeploymentPostprocessing = 0;
		};
		4669586618DF4D7A00A72F85 /* Sources */ = {
			isa = PBXSourcesBuildPhase;
			buildActionMask = 2147483647;
			files = (
				4669587818DF4D7A00A72F85 /* MistarAppTests.m in Sources */,
			);
			runOnlyForDeploymentPostprocessing = 0;
		};
/* End PBXSourcesBuildPhase section */

/* Begin PBXTargetDependency section */
		4669587018DF4D7A00A72F85 /* PBXTargetDependency */ = {
			isa = PBXTargetDependency;
			target = 4669584E18DF4D7900A72F85 /* MistarApp */;
			targetProxy = 4669586F18DF4D7A00A72F85 /* PBXContainerItemProxy */;
		};
/* End PBXTargetDependency section */

/* Begin PBXVariantGroup section */
		4669585B18DF4D7900A72F85 /* InfoPlist.strings */ = {
			isa = PBXVariantGroup;
			children = (
				4669585C18DF4D7900A72F85 /* en */,
			);
			name = InfoPlist.strings;
			sourceTree = "<group>";
		};
		4669587418DF4D7A00A72F85 /* InfoPlist.strings */ = {
			isa = PBXVariantGroup;
			children = (
				4669587518DF4D7A00A72F85 /* en */,
			);
			name = InfoPlist.strings;
			sourceTree = "<group>";
		};
/* End PBXVariantGroup section */

/* Begin XCBuildConfiguration section */
		4669587918DF4D7A00A72F85 /* Debug */ = {
			isa = XCBuildConfiguration;
			buildSettings = {
				ALWAYS_SEARCH_USER_PATHS = NO;
				CLANG_CXX_LANGUAGE_STANDARD = "gnu++0x";
				CLANG_CXX_LIBRARY = "libc++";
				CLANG_ENABLE_MODULES = YES;
				CLANG_ENABLE_OBJC_ARC = YES;
				CLANG_WARN_BOOL_CONVERSION = YES;
				CLANG_WARN_CONSTANT_CONVERSION = YES;
				CLANG_WARN_DIRECT_OBJC_ISA_USAGE = YES_ERROR;
				CLANG_WARN_EMPTY_BODY = YES;
				CLANG_WARN_ENUM_CONVERSION = YES;
				CLANG_WARN_INT_CONVERSION = YES;
				CLANG_WARN_OBJC_ROOT_CLASS = YES_ERROR;
				CLANG_WARN__DUPLICATE_METHOD_MATCH = YES;
				"CODE_SIGN_IDENTITY[sdk=iphoneos*]" = "iPhone Developer";
				COPY_PHASE_STRIP = NO;
				GCC_C_LANGUAGE_STANDARD = gnu99;
				GCC_DYNAMIC_NO_PIC = NO;
				GCC_OPTIMIZATION_LEVEL = 0;
				GCC_PREPROCESSOR_DEFINITIONS = (
					"DEBUG=1",
					"$(inherited)",
				);
				GCC_SYMBOLS_PRIVATE_EXTERN = NO;
				GCC_WARN_64_TO_32_BIT_CONVERSION = YES;
				GCC_WARN_ABOUT_RETURN_TYPE = YES_ERROR;
				GCC_WARN_UNDECLARED_SELECTOR = YES;
				GCC_WARN_UNINITIALIZED_AUTOS = YES_AGGRESSIVE;
				GCC_WARN_UNUSED_FUNCTION = YES;
				GCC_WARN_UNUSED_VARIABLE = YES;
				IPHONEOS_DEPLOYMENT_TARGET = 7.1;
				ONLY_ACTIVE_ARCH = YES;
				SDKROOT = iphoneos;
			};
			name = Debug;
		};
		4669587A18DF4D7A00A72F85 /* Release */ = {
			isa = XCBuildConfiguration;
			buildSettings = {
				ALWAYS_SEARCH_USER_PATHS = NO;
				CLANG_CXX_LANGUAGE_STANDARD = "gnu++0x";
				CLANG_CXX_LIBRARY = "libc++";
				CLANG_ENABLE_MODULES = YES;
				CLANG_ENABLE_OBJC_ARC = YES;
				CLANG_WARN_BOOL_CONVERSION = YES;
				CLANG_WARN_CONSTANT_CONVERSION = YES;
				CLANG_WARN_DIRECT_OBJC_ISA_USAGE = YES_ERROR;
				CLANG_WARN_EMPTY_BODY = YES;
				CLANG_WARN_ENUM_CONVERSION = YES;
				CLANG_WARN_INT_CONVERSION = YES;
				CLANG_WARN_OBJC_ROOT_CLASS = YES_ERROR;
				CLANG_WARN__DUPLICATE_METHOD_MATCH = YES;
				"CODE_SIGN_IDENTITY[sdk=iphoneos*]" = "iPhone Developer";
				COPY_PHASE_STRIP = YES;
				ENABLE_NS_ASSERTIONS = NO;
				GCC_C_LANGUAGE_STANDARD = gnu99;
				GCC_WARN_64_TO_32_BIT_CONVERSION = YES;
				GCC_WARN_ABOUT_RETURN_TYPE = YES_ERROR;
				GCC_WARN_UNDECLARED_SELECTOR = YES;
				GCC_WARN_UNINITIALIZED_AUTOS = YES_AGGRESSIVE;
				GCC_WARN_UNUSED_FUNCTION = YES;
				GCC_WARN_UNUSED_VARIABLE = YES;
				IPHONEOS_DEPLOYMENT_TARGET = 7.1;
				SDKROOT = iphoneos;
				VALIDATE_PRODUCT = YES;
			};
			name = Release;
		};
		4669587C18DF4D7A00A72F85 /* Debug */ = {
			isa = XCBuildConfiguration;
			baseConfigurationReference = 8DAFCE29A7A4474B90B9DC48 /* Pods.xcconfig */;
			buildSettings = {
				ASSETCATALOG_COMPILER_APPICON_NAME = AppIcon;
				ASSETCATALOG_COMPILER_LAUNCHIMAGE_NAME = LaunchImage;
				GCC_PRECOMPILE_PREFIX_HEADER = YES;
				GCC_PREFIX_HEADER = "MistarApp/MistarApp-Prefix.pch";
				INFOPLIST_FILE = "MistarApp/MistarApp-Info.plist";
				PRODUCT_NAME = "$(TARGET_NAME)";
				WRAPPER_EXTENSION = app;
			};
			name = Debug;
		};
		4669587D18DF4D7A00A72F85 /* Release */ = {
			isa = XCBuildConfiguration;
			baseConfigurationReference = 8DAFCE29A7A4474B90B9DC48 /* Pods.xcconfig */;
			buildSettings = {
				ASSETCATALOG_COMPILER_APPICON_NAME = AppIcon;
				ASSETCATALOG_COMPILER_LAUNCHIMAGE_NAME = LaunchImage;
				GCC_PRECOMPILE_PREFIX_HEADER = YES;
				GCC_PREFIX_HEADER = "MistarApp/MistarApp-Prefix.pch";
				INFOPLIST_FILE = "MistarApp/MistarApp-Info.plist";
				PRODUCT_NAME = "$(TARGET_NAME)";
				WRAPPER_EXTENSION = app;
			};
			name = Release;
		};
		4669587F18DF4D7A00A72F85 /* Debug */ = {
			isa = XCBuildConfiguration;
			buildSettings = {
				BUNDLE_LOADER = "$(BUILT_PRODUCTS_DIR)/MistarApp.app/MistarApp";
				FRAMEWORK_SEARCH_PATHS = (
					"$(SDKROOT)/Developer/Library/Frameworks",
					"$(inherited)",
					"$(DEVELOPER_FRAMEWORKS_DIR)",
				);
				GCC_PRECOMPILE_PREFIX_HEADER = YES;
				GCC_PREFIX_HEADER = "MistarApp/MistarApp-Prefix.pch";
				GCC_PREPROCESSOR_DEFINITIONS = (
					"DEBUG=1",
					"$(inherited)",
				);
				INFOPLIST_FILE = "MistarAppTests/MistarAppTests-Info.plist";
				PRODUCT_NAME = "$(TARGET_NAME)";
				TEST_HOST = "$(BUNDLE_LOADER)";
				WRAPPER_EXTENSION = xctest;
			};
			name = Debug;
		};
		4669588018DF4D7A00A72F85 /* Release */ = {
			isa = XCBuildConfiguration;
			buildSettings = {
				BUNDLE_LOADER = "$(BUILT_PRODUCTS_DIR)/MistarApp.app/MistarApp";
				FRAMEWORK_SEARCH_PATHS = (
					"$(SDKROOT)/Developer/Library/Frameworks",
					"$(inherited)",
					"$(DEVELOPER_FRAMEWORKS_DIR)",
				);
				GCC_PRECOMPILE_PREFIX_HEADER = YES;
				GCC_PREFIX_HEADER = "MistarApp/MistarApp-Prefix.pch";
				INFOPLIST_FILE = "MistarAppTests/MistarAppTests-Info.plist";
				PRODUCT_NAME = "$(TARGET_NAME)";
				TEST_HOST = "$(BUNDLE_LOADER)";
				WRAPPER_EXTENSION = xctest;
			};
			name = Release;
		};
/* End XCBuildConfiguration section */

/* Begin XCConfigurationList section */
		4669584A18DF4D7900A72F85 /* Build configuration list for PBXProject "MistarApp" */ = {
			isa = XCConfigurationList;
			buildConfigurations = (
				4669587918DF4D7A00A72F85 /* Debug */,
				4669587A18DF4D7A00A72F85 /* Release */,
			);
			defaultConfigurationIsVisible = 0;
			defaultConfigurationName = Release;
		};
		4669587B18DF4D7A00A72F85 /* Build configuration list for PBXNativeTarget "MistarApp" */ = {
			isa = XCConfigurationList;
			buildConfigurations = (
				4669587C18DF4D7A00A72F85 /* Debug */,
				4669587D18DF4D7A00A72F85 /* Release */,
			);
			defaultConfigurationIsVisible = 0;
			defaultConfigurationName = Release;
		};
		4669587E18DF4D7A00A72F85 /* Build configuration list for PBXNativeTarget "MistarAppTests" */ = {
			isa = XCConfigurationList;
			buildConfigurations = (
				4669587F18DF4D7A00A72F85 /* Debug */,
				4669588018DF4D7A00A72F85 /* Release */,
			);
			defaultConfigurationIsVisible = 0;
			defaultConfigurationName = Release;
		};
/* End XCConfigurationList section */
	};
	rootObject = 4669584718DF4D7900A72F85 /* Project object */;
}
