// !$*UTF8*$!
{
	archiveVersion = 1;
	classes = {
	};
	objectVersion = 46;
	objects = {

/* Begin PBXBuildFile section */
		469E904C18D8C33E00007E18 /* MAClient.m in Sources */ = {isa = PBXBuildFile; fileRef = 469E904B18D8C33E00007E18 /* MAClient.m */; };
		46AA0AC518D7DD560048481F /* Foundation.framework in Frameworks */ = {isa = PBXBuildFile; fileRef = 46AA0AC418D7DD560048481F /* Foundation.framework */; };
		46AA0AC718D7DD560048481F /* CoreGraphics.framework in Frameworks */ = {isa = PBXBuildFile; fileRef = 46AA0AC618D7DD560048481F /* CoreGraphics.framework */; };
		46AA0AC918D7DD560048481F /* UIKit.framework in Frameworks */ = {isa = PBXBuildFile; fileRef = 46AA0AC818D7DD560048481F /* UIKit.framework */; };
		46AA0ACF18D7DD560048481F /* InfoPlist.strings in Resources */ = {isa = PBXBuildFile; fileRef = 46AA0ACD18D7DD560048481F /* InfoPlist.strings */; };
		46AA0AD118D7DD560048481F /* main.m in Sources */ = {isa = PBXBuildFile; fileRef = 46AA0AD018D7DD560048481F /* main.m */; };
		46AA0AD518D7DD560048481F /* MAAppDelegate.m in Sources */ = {isa = PBXBuildFile; fileRef = 46AA0AD418D7DD560048481F /* MAAppDelegate.m */; };
		46AA0AD718D7DD560048481F /* Images.xcassets in Resources */ = {isa = PBXBuildFile; fileRef = 46AA0AD618D7DD560048481F /* Images.xcassets */; };
		46AA0ADE18D7DD560048481F /* XCTest.framework in Frameworks */ = {isa = PBXBuildFile; fileRef = 46AA0ADD18D7DD560048481F /* XCTest.framework */; };
		46AA0ADF18D7DD560048481F /* Foundation.framework in Frameworks */ = {isa = PBXBuildFile; fileRef = 46AA0AC418D7DD560048481F /* Foundation.framework */; };
		46AA0AE018D7DD560048481F /* UIKit.framework in Frameworks */ = {isa = PBXBuildFile; fileRef = 46AA0AC818D7DD560048481F /* UIKit.framework */; };
		46AA0AE818D7DD560048481F /* InfoPlist.strings in Resources */ = {isa = PBXBuildFile; fileRef = 46AA0AE618D7DD560048481F /* InfoPlist.strings */; };
		46AA0AEA18D7DD560048481F /* MistarAppTests.m in Sources */ = {isa = PBXBuildFile; fileRef = 46AA0AE918D7DD560048481F /* MistarAppTests.m */; };
		46BEEB4518D9EF2600926858 /* MAStoryboard.storyboard in Resources */ = {isa = PBXBuildFile; fileRef = 46BEEB4418D9EF2600926858 /* MAStoryboard.storyboard */; };
		46E7A55718D7E2DD00ED0E30 /* MAController.m in Sources */ = {isa = PBXBuildFile; fileRef = 46E7A55618D7E2DD00ED0E30 /* MAController.m */; };
		49B7EA29DBE745A095CBFE7B /* libPods.a in Frameworks */ = {isa = PBXBuildFile; fileRef = 051D66C4F64447B2A03FB097 /* libPods.a */; };
/* End PBXBuildFile section */

/* Begin PBXContainerItemProxy section */
		46AA0AE118D7DD560048481F /* PBXContainerItemProxy */ = {
			isa = PBXContainerItemProxy;
			containerPortal = 46AA0AB918D7DD560048481F /* Project object */;
			proxyType = 1;
			remoteGlobalIDString = 46AA0AC018D7DD560048481F;
			remoteInfo = MistarApp;
		};
/* End PBXContainerItemProxy section */

/* Begin PBXFileReference section */
		051D66C4F64447B2A03FB097 /* libPods.a */ = {isa = PBXFileReference; explicitFileType = archive.ar; includeInIndex = 0; path = libPods.a; sourceTree = BUILT_PRODUCTS_DIR; };
		469E904A18D8C33E00007E18 /* MAClient.h */ = {isa = PBXFileReference; fileEncoding = 4; lastKnownFileType = sourcecode.c.h; path = MAClient.h; sourceTree = "<group>"; };
		469E904B18D8C33E00007E18 /* MAClient.m */ = {isa = PBXFileReference; fileEncoding = 4; lastKnownFileType = sourcecode.c.objc; path = MAClient.m; sourceTree = "<group>"; };
		46AA0AC118D7DD560048481F /* MistarApp.app */ = {isa = PBXFileReference; explicitFileType = wrapper.application; includeInIndex = 0; path = MistarApp.app; sourceTree = BUILT_PRODUCTS_DIR; };
		46AA0AC418D7DD560048481F /* Foundation.framework */ = {isa = PBXFileReference; lastKnownFileType = wrapper.framework; name = Foundation.framework; path = System/Library/Frameworks/Foundation.framework; sourceTree = SDKROOT; };
		46AA0AC618D7DD560048481F /* CoreGraphics.framework */ = {isa = PBXFileReference; lastKnownFileType = wrapper.framework; name = CoreGraphics.framework; path = System/Library/Frameworks/CoreGraphics.framework; sourceTree = SDKROOT; };
		46AA0AC818D7DD560048481F /* UIKit.framework */ = {isa = PBXFileReference; lastKnownFileType = wrapper.framework; name = UIKit.framework; path = System/Library/Frameworks/UIKit.framework; sourceTree = SDKROOT; };
		46AA0ACC18D7DD560048481F /* MistarApp-Info.plist */ = {isa = PBXFileReference; lastKnownFileType = text.plist.xml; path = "MistarApp-Info.plist"; sourceTree = "<group>"; };
		46AA0ACE18D7DD560048481F /* en */ = {isa = PBXFileReference; lastKnownFileType = text.plist.strings; name = en; path = en.lproj/InfoPlist.strings; sourceTree = "<group>"; };
		46AA0AD018D7DD560048481F /* main.m */ = {isa = PBXFileReference; lastKnownFileType = sourcecode.c.objc; path = main.m; sourceTree = "<group>"; };
		46AA0AD218D7DD560048481F /* MistarApp-Prefix.pch */ = {isa = PBXFileReference; lastKnownFileType = sourcecode.c.h; path = "MistarApp-Prefix.pch"; sourceTree = "<group>"; };
		46AA0AD318D7DD560048481F /* MAAppDelegate.h */ = {isa = PBXFileReference; lastKnownFileType = sourcecode.c.h; path = MAAppDelegate.h; sourceTree = "<group>"; };
		46AA0AD418D7DD560048481F /* MAAppDelegate.m */ = {isa = PBXFileReference; lastKnownFileType = sourcecode.c.objc; path = MAAppDelegate.m; sourceTree = "<group>"; };
		46AA0AD618D7DD560048481F /* Images.xcassets */ = {isa = PBXFileReference; lastKnownFileType = folder.assetcatalog; path = Images.xcassets; sourceTree = "<group>"; };
		46AA0ADC18D7DD560048481F /* MistarAppTests.xctest */ = {isa = PBXFileReference; explicitFileType = wrapper.cfbundle; includeInIndex = 0; path = MistarAppTests.xctest; sourceTree = BUILT_PRODUCTS_DIR; };
		46AA0ADD18D7DD560048481F /* XCTest.framework */ = {isa = PBXFileReference; lastKnownFileType = wrapper.framework; name = XCTest.framework; path = Library/Frameworks/XCTest.framework; sourceTree = DEVELOPER_DIR; };
		46AA0AE518D7DD560048481F /* MistarAppTests-Info.plist */ = {isa = PBXFileReference; lastKnownFileType = text.plist.xml; path = "MistarAppTests-Info.plist"; sourceTree = "<group>"; };
		46AA0AE718D7DD560048481F /* en */ = {isa = PBXFileReference; lastKnownFileType = text.plist.strings; name = en; path = en.lproj/InfoPlist.strings; sourceTree = "<group>"; };
		46AA0AE918D7DD560048481F /* MistarAppTests.m */ = {isa = PBXFileReference; lastKnownFileType = sourcecode.c.objc; path = MistarAppTests.m; sourceTree = "<group>"; };
		46BEEB4418D9EF2600926858 /* MAStoryboard.storyboard */ = {isa = PBXFileReference; fileEncoding = 4; lastKnownFileType = file.storyboard; path = MAStoryboard.storyboard; sourceTree = "<group>"; };
		46E7A55518D7E2DD00ED0E30 /* MAController.h */ = {isa = PBXFileReference; fileEncoding = 4; lastKnownFileType = sourcecode.c.h; path = MAController.h; sourceTree = "<group>"; };
		46E7A55618D7E2DD00ED0E30 /* MAController.m */ = {isa = PBXFileReference; fileEncoding = 4; lastKnownFileType = sourcecode.c.objc; path = MAController.m; sourceTree = "<group>"; };
		88B602C155934EDDBA92537B /* Pods.xcconfig */ = {isa = PBXFileReference; includeInIndex = 1; lastKnownFileType = text.xcconfig; name = Pods.xcconfig; path = Pods/Pods.xcconfig; sourceTree = "<group>"; };
/* End PBXFileReference section */

/* Begin PBXFrameworksBuildPhase section */
		46AA0ABE18D7DD560048481F /* Frameworks */ = {
			isa = PBXFrameworksBuildPhase;
			buildActionMask = 2147483647;
			files = (
				46AA0AC718D7DD560048481F /* CoreGraphics.framework in Frameworks */,
				46AA0AC918D7DD560048481F /* UIKit.framework in Frameworks */,
				46AA0AC518D7DD560048481F /* Foundation.framework in Frameworks */,
				49B7EA29DBE745A095CBFE7B /* libPods.a in Frameworks */,
			);
			runOnlyForDeploymentPostprocessing = 0;
		};
		46AA0AD918D7DD560048481F /* Frameworks */ = {
			isa = PBXFrameworksBuildPhase;
			buildActionMask = 2147483647;
			files = (
				46AA0ADE18D7DD560048481F /* XCTest.framework in Frameworks */,
				46AA0AE018D7DD560048481F /* UIKit.framework in Frameworks */,
				46AA0ADF18D7DD560048481F /* Foundation.framework in Frameworks */,
			);
			runOnlyForDeploymentPostprocessing = 0;
		};
/* End PBXFrameworksBuildPhase section */

/* Begin PBXGroup section */
		46AA0AB818D7DD560048481F = {
			isa = PBXGroup;
			children = (
				46AA0ACA18D7DD560048481F /* MistarApp */,
				46AA0AE318D7DD560048481F /* MistarAppTests */,
				46AA0AC318D7DD560048481F /* Frameworks */,
				46AA0AC218D7DD560048481F /* Products */,
				88B602C155934EDDBA92537B /* Pods.xcconfig */,
			);
			sourceTree = "<group>";
		};
		46AA0AC218D7DD560048481F /* Products */ = {
			isa = PBXGroup;
			children = (
				46AA0AC118D7DD560048481F /* MistarApp.app */,
				46AA0ADC18D7DD560048481F /* MistarAppTests.xctest */,
			);
			name = Products;
			sourceTree = "<group>";
		};
		46AA0AC318D7DD560048481F /* Frameworks */ = {
			isa = PBXGroup;
			children = (
				46AA0AC418D7DD560048481F /* Foundation.framework */,
				46AA0AC618D7DD560048481F /* CoreGraphics.framework */,
				46AA0AC818D7DD560048481F /* UIKit.framework */,
				46AA0ADD18D7DD560048481F /* XCTest.framework */,
				051D66C4F64447B2A03FB097 /* libPods.a */,
			);
			name = Frameworks;
			sourceTree = "<group>";
		};
		46AA0ACA18D7DD560048481F /* MistarApp */ = {
			isa = PBXGroup;
			children = (
				46E7A55518D7E2DD00ED0E30 /* MAController.h */,
				46E7A55618D7E2DD00ED0E30 /* MAController.m */,
				46BEEB4418D9EF2600926858 /* MAStoryboard.storyboard */,
				46AA0AD318D7DD560048481F /* MAAppDelegate.h */,
				46AA0AD418D7DD560048481F /* MAAppDelegate.m */,
				469E904A18D8C33E00007E18 /* MAClient.h */,
				469E904B18D8C33E00007E18 /* MAClient.m */,
				46AA0AD618D7DD560048481F /* Images.xcassets */,
				46AA0ACB18D7DD560048481F /* Supporting Files */,
			);
			path = MistarApp;
			sourceTree = "<group>";
		};
		46AA0ACB18D7DD560048481F /* Supporting Files */ = {
			isa = PBXGroup;
			children = (
				46AA0ACC18D7DD560048481F /* MistarApp-Info.plist */,
				46AA0ACD18D7DD560048481F /* InfoPlist.strings */,
				46AA0AD018D7DD560048481F /* main.m */,
				46AA0AD218D7DD560048481F /* MistarApp-Prefix.pch */,
			);
			name = "Supporting Files";
			sourceTree = "<group>";
		};
		46AA0AE318D7DD560048481F /* MistarAppTests */ = {
			isa = PBXGroup;
			children = (
				46AA0AE918D7DD560048481F /* MistarAppTests.m */,
				46AA0AE418D7DD560048481F /* Supporting Files */,
			);
			path = MistarAppTests;
			sourceTree = "<group>";
		};
		46AA0AE418D7DD560048481F /* Supporting Files */ = {
			isa = PBXGroup;
			children = (
				46AA0AE518D7DD560048481F /* MistarAppTests-Info.plist */,
				46AA0AE618D7DD560048481F /* InfoPlist.strings */,
			);
			name = "Supporting Files";
			sourceTree = "<group>";
		};
/* End PBXGroup section */

/* Begin PBXNativeTarget section */
		46AA0AC018D7DD560048481F /* MistarApp */ = {
			isa = PBXNativeTarget;
			buildConfigurationList = 46AA0AED18D7DD560048481F /* Build configuration list for PBXNativeTarget "MistarApp" */;
			buildPhases = (
				8D687756492849FFBA8FB87E /* Check Pods Manifest.lock */,
				46AA0ABD18D7DD560048481F /* Sources */,
				46AA0ABE18D7DD560048481F /* Frameworks */,
				46AA0ABF18D7DD560048481F /* Resources */,
				D8AAEBBCBA3D4905A9773CA1 /* Copy Pods Resources */,
			);
			buildRules = (
			);
			dependencies = (
			);
			name = MistarApp;
			productName = MistarApp;
			productReference = 46AA0AC118D7DD560048481F /* MistarApp.app */;
			productType = "com.apple.product-type.application";
		};
		46AA0ADB18D7DD560048481F /* MistarAppTests */ = {
			isa = PBXNativeTarget;
			buildConfigurationList = 46AA0AF018D7DD560048481F /* Build configuration list for PBXNativeTarget "MistarAppTests" */;
			buildPhases = (
				46AA0AD818D7DD560048481F /* Sources */,
				46AA0AD918D7DD560048481F /* Frameworks */,
				46AA0ADA18D7DD560048481F /* Resources */,
			);
			buildRules = (
			);
			dependencies = (
				46AA0AE218D7DD560048481F /* PBXTargetDependency */,
			);
			name = MistarAppTests;
			productName = MistarAppTests;
			productReference = 46AA0ADC18D7DD560048481F /* MistarAppTests.xctest */;
			productType = "com.apple.product-type.bundle.unit-test";
		};
/* End PBXNativeTarget section */

/* Begin PBXProject section */
		46AA0AB918D7DD560048481F /* Project object */ = {
			isa = PBXProject;
			attributes = {
				CLASSPREFIX = MA;
				LastUpgradeCheck = 0510;
				ORGANIZATIONNAME = "Andrew Breckenridge";
				TargetAttributes = {
					46AA0ADB18D7DD560048481F = {
						TestTargetID = 46AA0AC018D7DD560048481F;
					};
				};
			};
			buildConfigurationList = 46AA0ABC18D7DD560048481F /* Build configuration list for PBXProject "MistarApp" */;
			compatibilityVersion = "Xcode 3.2";
			developmentRegion = English;
			hasScannedForEncodings = 0;
			knownRegions = (
				en,
			);
			mainGroup = 46AA0AB818D7DD560048481F;
			productRefGroup = 46AA0AC218D7DD560048481F /* Products */;
			projectDirPath = "";
			projectRoot = "";
			targets = (
				46AA0AC018D7DD560048481F /* MistarApp */,
				46AA0ADB18D7DD560048481F /* MistarAppTests */,
			);
		};
/* End PBXProject section */

/* Begin PBXResourcesBuildPhase section */
		46AA0ABF18D7DD560048481F /* Resources */ = {
			isa = PBXResourcesBuildPhase;
			buildActionMask = 2147483647;
			files = (
				46AA0ACF18D7DD560048481F /* InfoPlist.strings in Resources */,
				46AA0AD718D7DD560048481F /* Images.xcassets in Resources */,
				46BEEB4518D9EF2600926858 /* MAStoryboard.storyboard in Resources */,
			);
			runOnlyForDeploymentPostprocessing = 0;
		};
		46AA0ADA18D7DD560048481F /* Resources */ = {
			isa = PBXResourcesBuildPhase;
			buildActionMask = 2147483647;
			files = (
				46AA0AE818D7DD560048481F /* InfoPlist.strings in Resources */,
			);
			runOnlyForDeploymentPostprocessing = 0;
		};
/* End PBXResourcesBuildPhase section */

/* Begin PBXShellScriptBuildPhase section */
		8D687756492849FFBA8FB87E /* Check Pods Manifest.lock */ = {
			isa = PBXShellScriptBuildPhase;
			buildActionMask = 2147483647;
			files = (
			);
			inputPaths = (
			);
			name = "Check Pods Manifest.lock";
			outputPaths = (
			);
			runOnlyForDeploymentPostprocessing = 0;
			shellPath = /bin/sh;
			shellScript = "diff \"${PODS_ROOT}/../Podfile.lock\" \"${PODS_ROOT}/Manifest.lock\" > /dev/null\nif [[ $? != 0 ]] ; then\n    cat << EOM\nerror: The sandbox is not in sync with the Podfile.lock. Run 'pod install' or update your CocoaPods installation.\nEOM\n    exit 1\nfi\n";
			showEnvVarsInLog = 0;
		};
		D8AAEBBCBA3D4905A9773CA1 /* Copy Pods Resources */ = {
			isa = PBXShellScriptBuildPhase;
			buildActionMask = 2147483647;
			files = (
			);
			inputPaths = (
			);
			name = "Copy Pods Resources";
			outputPaths = (
			);
			runOnlyForDeploymentPostprocessing = 0;
			shellPath = /bin/sh;
			shellScript = "\"${SRCROOT}/Pods/Pods-resources.sh\"\n";
			showEnvVarsInLog = 0;
		};
/* End PBXShellScriptBuildPhase section */

/* Begin PBXSourcesBuildPhase section */
		46AA0ABD18D7DD560048481F /* Sources */ = {
			isa = PBXSourcesBuildPhase;
			buildActionMask = 2147483647;
			files = (
				46AA0AD518D7DD560048481F /* MAAppDelegate.m in Sources */,
				46E7A55718D7E2DD00ED0E30 /* MAController.m in Sources */,
				469E904C18D8C33E00007E18 /* MAClient.m in Sources */,
				46AA0AD118D7DD560048481F /* main.m in Sources */,
			);
			runOnlyForDeploymentPostprocessing = 0;
		};
		46AA0AD818D7DD560048481F /* Sources */ = {
			isa = PBXSourcesBuildPhase;
			buildActionMask = 2147483647;
			files = (
				46AA0AEA18D7DD560048481F /* MistarAppTests.m in Sources */,
			);
			runOnlyForDeploymentPostprocessing = 0;
		};
/* End PBXSourcesBuildPhase section */

/* Begin PBXTargetDependency section */
		46AA0AE218D7DD560048481F /* PBXTargetDependency */ = {
			isa = PBXTargetDependency;
			target = 46AA0AC018D7DD560048481F /* MistarApp */;
			targetProxy = 46AA0AE118D7DD560048481F /* PBXContainerItemProxy */;
		};
/* End PBXTargetDependency section */

/* Begin PBXVariantGroup section */
		46AA0ACD18D7DD560048481F /* InfoPlist.strings */ = {
			isa = PBXVariantGroup;
			children = (
				46AA0ACE18D7DD560048481F /* en */,
			);
			name = InfoPlist.strings;
			sourceTree = "<group>";
		};
		46AA0AE618D7DD560048481F /* InfoPlist.strings */ = {
			isa = PBXVariantGroup;
			children = (
				46AA0AE718D7DD560048481F /* en */,
			);
			name = InfoPlist.strings;
			sourceTree = "<group>";
		};
/* End PBXVariantGroup section */

/* Begin XCBuildConfiguration section */
		46AA0AEB18D7DD560048481F /* Debug */ = {
			isa = XCBuildConfiguration;
			buildSettings = {
				ALWAYS_SEARCH_USER_PATHS = NO;
				CLANG_CXX_LANGUAGE_STANDARD = "gnu++0x";
				CLANG_CXX_LIBRARY = "libc++";
				CLANG_ENABLE_MODULES = YES;
				CLANG_ENABLE_OBJC_ARC = YES;
				CLANG_WARN_BOOL_CONVERSION = YES;
				CLANG_WARN_CONSTANT_CONVERSION = YES;
				CLANG_WARN_DIRECT_OBJC_ISA_USAGE = YES_ERROR;
				CLANG_WARN_EMPTY_BODY = YES;
				CLANG_WARN_ENUM_CONVERSION = YES;
				CLANG_WARN_INT_CONVERSION = YES;
				CLANG_WARN_OBJC_ROOT_CLASS = YES_ERROR;
				CLANG_WARN__DUPLICATE_METHOD_MATCH = YES;
				"CODE_SIGN_IDENTITY[sdk=iphoneos*]" = "iPhone Developer";
				COPY_PHASE_STRIP = NO;
				GCC_C_LANGUAGE_STANDARD = gnu99;
				GCC_DYNAMIC_NO_PIC = NO;
				GCC_OPTIMIZATION_LEVEL = 0;
				GCC_PREPROCESSOR_DEFINITIONS = (
					"DEBUG=1",
					"$(inherited)",
				);
				GCC_SYMBOLS_PRIVATE_EXTERN = NO;
				GCC_WARN_64_TO_32_BIT_CONVERSION = YES;
				GCC_WARN_ABOUT_RETURN_TYPE = YES_ERROR;
				GCC_WARN_UNDECLARED_SELECTOR = YES;
				GCC_WARN_UNINITIALIZED_AUTOS = YES_AGGRESSIVE;
				GCC_WARN_UNUSED_FUNCTION = YES;
				GCC_WARN_UNUSED_VARIABLE = YES;
				IPHONEOS_DEPLOYMENT_TARGET = 7.1;
				ONLY_ACTIVE_ARCH = YES;
				SDKROOT = iphoneos;
			};
			name = Debug;
		};
		46AA0AEC18D7DD560048481F /* Release */ = {
			isa = XCBuildConfiguration;
			buildSettings = {
				ALWAYS_SEARCH_USER_PATHS = NO;
				CLANG_CXX_LANGUAGE_STANDARD = "gnu++0x";
				CLANG_CXX_LIBRARY = "libc++";
				CLANG_ENABLE_MODULES = YES;
				CLANG_ENABLE_OBJC_ARC = YES;
				CLANG_WARN_BOOL_CONVERSION = YES;
				CLANG_WARN_CONSTANT_CONVERSION = YES;
				CLANG_WARN_DIRECT_OBJC_ISA_USAGE = YES_ERROR;
				CLANG_WARN_EMPTY_BODY = YES;
				CLANG_WARN_ENUM_CONVERSION = YES;
				CLANG_WARN_INT_CONVERSION = YES;
				CLANG_WARN_OBJC_ROOT_CLASS = YES_ERROR;
				CLANG_WARN__DUPLICATE_METHOD_MATCH = YES;
				"CODE_SIGN_IDENTITY[sdk=iphoneos*]" = "iPhone Developer";
				COPY_PHASE_STRIP = YES;
				ENABLE_NS_ASSERTIONS = NO;
				GCC_C_LANGUAGE_STANDARD = gnu99;
				GCC_WARN_64_TO_32_BIT_CONVERSION = YES;
				GCC_WARN_ABOUT_RETURN_TYPE = YES_ERROR;
				GCC_WARN_UNDECLARED_SELECTOR = YES;
				GCC_WARN_UNINITIALIZED_AUTOS = YES_AGGRESSIVE;
				GCC_WARN_UNUSED_FUNCTION = YES;
				GCC_WARN_UNUSED_VARIABLE = YES;
				IPHONEOS_DEPLOYMENT_TARGET = 7.1;
				SDKROOT = iphoneos;
				VALIDATE_PRODUCT = YES;
			};
			name = Release;
		};
		46AA0AEE18D7DD560048481F /* Debug */ = {
			isa = XCBuildConfiguration;
			baseConfigurationReference = 88B602C155934EDDBA92537B /* Pods.xcconfig */;
			buildSettings = {
				ASSETCATALOG_COMPILER_APPICON_NAME = AppIcon;
				ASSETCATALOG_COMPILER_LAUNCHIMAGE_NAME = LaunchImage;
				GCC_PRECOMPILE_PREFIX_HEADER = YES;
				GCC_PREFIX_HEADER = "MistarApp/MistarApp-Prefix.pch";
				INFOPLIST_FILE = "MistarApp/MistarApp-Info.plist";
				PRODUCT_NAME = "$(TARGET_NAME)";
				WRAPPER_EXTENSION = app;
			};
			name = Debug;
		};
		46AA0AEF18D7DD560048481F /* Release */ = {
			isa = XCBuildConfiguration;
			baseConfigurationReference = 88B602C155934EDDBA92537B /* Pods.xcconfig */;
			buildSettings = {
				ASSETCATALOG_COMPILER_APPICON_NAME = AppIcon;
				ASSETCATALOG_COMPILER_LAUNCHIMAGE_NAME = LaunchImage;
				GCC_PRECOMPILE_PREFIX_HEADER = YES;
				GCC_PREFIX_HEADER = "MistarApp/MistarApp-Prefix.pch";
				INFOPLIST_FILE = "MistarApp/MistarApp-Info.plist";
				PRODUCT_NAME = "$(TARGET_NAME)";
				WRAPPER_EXTENSION = app;
			};
			name = Release;
		};
		46AA0AF118D7DD560048481F /* Debug */ = {
			isa = XCBuildConfiguration;
			buildSettings = {
				BUNDLE_LOADER = "$(BUILT_PRODUCTS_DIR)/MistarApp.app/MistarApp";
				FRAMEWORK_SEARCH_PATHS = (
					"$(SDKROOT)/Developer/Library/Frameworks",
					"$(inherited)",
					"$(DEVELOPER_FRAMEWORKS_DIR)",
				);
				GCC_PRECOMPILE_PREFIX_HEADER = YES;
				GCC_PREFIX_HEADER = "MistarApp/MistarApp-Prefix.pch";
				GCC_PREPROCESSOR_DEFINITIONS = (
					"DEBUG=1",
					"$(inherited)",
				);
				INFOPLIST_FILE = "MistarAppTests/MistarAppTests-Info.plist";
				PRODUCT_NAME = "$(TARGET_NAME)";
				TEST_HOST = "$(BUNDLE_LOADER)";
				WRAPPER_EXTENSION = xctest;
			};
			name = Debug;
		};
		46AA0AF218D7DD560048481F /* Release */ = {
			isa = XCBuildConfiguration;
			buildSettings = {
				BUNDLE_LOADER = "$(BUILT_PRODUCTS_DIR)/MistarApp.app/MistarApp";
				FRAMEWORK_SEARCH_PATHS = (
					"$(SDKROOT)/Developer/Library/Frameworks",
					"$(inherited)",
					"$(DEVELOPER_FRAMEWORKS_DIR)",
				);
				GCC_PRECOMPILE_PREFIX_HEADER = YES;
				GCC_PREFIX_HEADER = "MistarApp/MistarApp-Prefix.pch";
				INFOPLIST_FILE = "MistarAppTests/MistarAppTests-Info.plist";
				PRODUCT_NAME = "$(TARGET_NAME)";
				TEST_HOST = "$(BUNDLE_LOADER)";
				WRAPPER_EXTENSION = xctest;
			};
			name = Release;
		};
/* End XCBuildConfiguration section */

/* Begin XCConfigurationList section */
		46AA0ABC18D7DD560048481F /* Build configuration list for PBXProject "MistarApp" */ = {
			isa = XCConfigurationList;
			buildConfigurations = (
				46AA0AEB18D7DD560048481F /* Debug */,
				46AA0AEC18D7DD560048481F /* Release */,
			);
			defaultConfigurationIsVisible = 0;
			defaultConfigurationName = Release;
		};
		46AA0AED18D7DD560048481F /* Build configuration list for PBXNativeTarget "MistarApp" */ = {
			isa = XCConfigurationList;
			buildConfigurations = (
				46AA0AEE18D7DD560048481F /* Debug */,
				46AA0AEF18D7DD560048481F /* Release */,
			);
			defaultConfigurationIsVisible = 0;
			defaultConfigurationName = Release;
		};
		46AA0AF018D7DD560048481F /* Build configuration list for PBXNativeTarget "MistarAppTests" */ = {
			isa = XCConfigurationList;
			buildConfigurations = (
				46AA0AF118D7DD560048481F /* Debug */,
				46AA0AF218D7DD560048481F /* Release */,
			);
			defaultConfigurationIsVisible = 0;
			defaultConfigurationName = Release;
		};
/* End XCConfigurationList section */
	};
	rootObject = 46AA0AB918D7DD560048481F /* Project object */;
}
